
Microsoft Visual Studio Solution File, Format Version 12.00
# Visual Studio Version 17
VisualStudioVersion = 17.1.32210.238
MinimumVisualStudioVersion = 10.0.40219.1
Project("{2150E333-8FDC-42A3-9474-1A3956D46DE8}") = "BLL", "BLL", "{02AC4826-B9F9-4D63-BB9A-34B5B15EF975}"
EndProject
Project("{2150E333-8FDC-42A3-9474-1A3956D46DE8}") = "Services", "Services", "{0E0E8538-2E95-4E7B-BCF8-BD864132BAC3}"
EndProject
Project("{9A19103F-16F7-4668-BE54-9A1E7A4F7556}") = "MathSystem.Worker", "Services\MathSystem.Worker\MathSystem.Worker.csproj", "{7AE856F9-0D45-4A07-9CC9-B3BF64DC5AEA}"
EndProject
Project("{2150E333-8FDC-42A3-9474-1A3956D46DE8}") = "Tests", "Tests", "{C0643636-79F8-4B70-BD45-AF383C1B78C3}"
EndProject
Project("{9A19103F-16F7-4668-BE54-9A1E7A4F7556}") = "MathSystem.UnitTests", "Tests\MathSystem.Core.UnitTests\MathSystem.UnitTests.csproj", "{303C6E3C-9AA7-4883-9D4D-ED785E9D4C35}"
EndProject
Project("{2150E333-8FDC-42A3-9474-1A3956D46DE8}") = "Apps", "Apps", "{96D3CDDA-A451-4631-8F85-838B37A90DCD}"
EndProject
Project("{2150E333-8FDC-42A3-9474-1A3956D46DE8}") = "Domain", "Domain", "{F6F18073-3CD2-4CFD-8F23-0B394CE6DBA9}"
EndProject
Project("{2150E333-8FDC-42A3-9474-1A3956D46DE8}") = "Infra", "Infra", "{81616C86-566B-4B2E-B7E9-B98A77E94C44}"
EndProject
Project("{9A19103F-16F7-4668-BE54-9A1E7A4F7556}") = "MathSystem.Business", "Core\MathSystem.Business\MathSystem.Business.csproj", "{D7B5150F-16CA-4163-BE54-CA784CF19721}"
EndProject
Project("{9A19103F-16F7-4668-BE54-9A1E7A4F7556}") = "MathSystem.Domain", "Core\MathSystem.Domain\MathSystem.Domain.csproj", "{C8A5B6F3-4E64-4856-8793-9B848E342F4A}"
EndProject
Project("{9A19103F-16F7-4668-BE54-9A1E7A4F7556}") = "MathSystem.Repository", "Infra\MathSystem.Repository\MathSystem.Repository.csproj", "{9A23C0CB-A036-4852-BB55-464CF19D35C9}"
EndProject
Project("{FAE04EC0-301F-11D3-BF4B-00C04F79EFBC}") = "MathSystem.Console", "MathSystem.Console\MathSystem.Console.csproj", "{58B01DF2-46D9-43CD-AC49-9ABF9B69699D}"
EndProject
Global
	GlobalSection(SolutionConfigurationPlatforms) = preSolution
		Debug|Any CPU = Debug|Any CPU
		Release|Any CPU = Release|Any CPU
	EndGlobalSection
	GlobalSection(ProjectConfigurationPlatforms) = postSolution
		{7AE856F9-0D45-4A07-9CC9-B3BF64DC5AEA}.Debug|Any CPU.ActiveCfg = Debug|Any CPU
		{7AE856F9-0D45-4A07-9CC9-B3BF64DC5AEA}.Debug|Any CPU.Build.0 = Debug|Any CPU
		{7AE856F9-0D45-4A07-9CC9-B3BF64DC5AEA}.Release|Any CPU.ActiveCfg = Release|Any CPU
		{7AE856F9-0D45-4A07-9CC9-B3BF64DC5AEA}.Release|Any CPU.Build.0 = Release|Any CPU
		{303C6E3C-9AA7-4883-9D4D-ED785E9D4C35}.Debug|Any CPU.ActiveCfg = Debug|Any CPU
		{303C6E3C-9AA7-4883-9D4D-ED785E9D4C35}.Debug|Any CPU.Build.0 = Debug|Any CPU
		{303C6E3C-9AA7-4883-9D4D-ED785E9D4C35}.Release|Any CPU.ActiveCfg = Release|Any CPU
		{303C6E3C-9AA7-4883-9D4D-ED785E9D4C35}.Release|Any CPU.Build.0 = Release|Any CPU
		{D7B5150F-16CA-4163-BE54-CA784CF19721}.Debug|Any CPU.ActiveCfg = Debug|Any CPU
		{D7B5150F-16CA-4163-BE54-CA784CF19721}.Debug|Any CPU.Build.0 = Debug|Any CPU
		{D7B5150F-16CA-4163-BE54-CA784CF19721}.Release|Any CPU.ActiveCfg = Release|Any CPU
		{D7B5150F-16CA-4163-BE54-CA784CF19721}.Release|Any CPU.Build.0 = Release|Any CPU
		{C8A5B6F3-4E64-4856-8793-9B848E342F4A}.Debug|Any CPU.ActiveCfg = Debug|Any CPU
		{C8A5B6F3-4E64-4856-8793-9B848E342F4A}.Debug|Any CPU.Build.0 = Debug|Any CPU
		{C8A5B6F3-4E64-4856-8793-9B848E342F4A}.Release|Any CPU.ActiveCfg = Release|Any CPU
		{C8A5B6F3-4E64-4856-8793-9B848E342F4A}.Release|Any CPU.Build.0 = Release|Any CPU
		{9A23C0CB-A036-4852-BB55-464CF19D35C9}.Debug|Any CPU.ActiveCfg = Debug|Any CPU
		{9A23C0CB-A036-4852-BB55-464CF19D35C9}.Debug|Any CPU.Build.0 = Debug|Any CPU
		{9A23C0CB-A036-4852-BB55-464CF19D35C9}.Release|Any CPU.ActiveCfg = Release|Any CPU
		{9A23C0CB-A036-4852-BB55-464CF19D35C9}.Release|Any CPU.Build.0 = Release|Any CPU
		{58B01DF2-46D9-43CD-AC49-9ABF9B69699D}.Debug|Any CPU.ActiveCfg = Debug|Any CPU
		{58B01DF2-46D9-43CD-AC49-9ABF9B69699D}.Debug|Any CPU.Build.0 = Debug|Any CPU
		{58B01DF2-46D9-43CD-AC49-9ABF9B69699D}.Release|Any CPU.ActiveCfg = Release|Any CPU
		{58B01DF2-46D9-43CD-AC49-9ABF9B69699D}.Release|Any CPU.Build.0 = Release|Any CPU
	EndGlobalSection
	GlobalSection(SolutionProperties) = preSolution
		HideSolutionNode = FALSE
	EndGlobalSection
	GlobalSection(NestedProjects) = preSolution
		{7AE856F9-0D45-4A07-9CC9-B3BF64DC5AEA} = {0E0E8538-2E95-4E7B-BCF8-BD864132BAC3}
		{303C6E3C-9AA7-4883-9D4D-ED785E9D4C35} = {C0643636-79F8-4B70-BD45-AF383C1B78C3}
		{D7B5150F-16CA-4163-BE54-CA784CF19721} = {02AC4826-B9F9-4D63-BB9A-34B5B15EF975}
		{C8A5B6F3-4E64-4856-8793-9B848E342F4A} = {F6F18073-3CD2-4CFD-8F23-0B394CE6DBA9}
		{9A23C0CB-A036-4852-BB55-464CF19D35C9} = {81616C86-566B-4B2E-B7E9-B98A77E94C44}
		{58B01DF2-46D9-43CD-AC49-9ABF9B69699D} = {96D3CDDA-A451-4631-8F85-838B37A90DCD}
	EndGlobalSection
	GlobalSection(ExtensibilityGlobals) = postSolution
		SolutionGuid = {4073F9E0-D913-4A2B-B1FF-DA34338112F2}
	EndGlobalSection
EndGlobal
